Microsoft Visual Studio Solution File, Format Version 12.00
# Visual Studio 2013
VisualStudioVersion = 12.0.21005.1
MinimumVisualStudioVersion = 10.0.40219.1
Project("{2150E333-8FDC-42A3-9474-1A3956D46DE8}") = "Shared", "Shared", "{E360DB50-DAF9-4CD2-A95B-BC38A5646115}"
EndProject
Project("{2150E333-8FDC-42A3-9474-1A3956D46DE8}") = "Plugins", "Plugins", "{473007BF-BC61-461D-B3C5-761E733CB4A0}"
EndProject
Project("{2150E333-8FDC-42A3-9474-1A3956D46DE8}") = "Helper", "Helper", "{C064E3ED-F774-49EB-A702-44DFB9F0AAD5}"
EndProject
Project("{2150E333-8FDC-42A3-9474-1A3956D46DE8}") = "ApplicationHost", "ApplicationHost", "{33BF855B-D20E-48B6-8E81-A2DF09F0B8F8}"
EndProject
Project("{2150E333-8FDC-42A3-9474-1A3956D46DE8}") = "BusinessLogic", "BusinessLogic", "{73665DA0-632D-4BE1-8DB6-2C90240B0AD2}"
EndProject
Project("{2150E333-8FDC-42A3-9474-1A3956D46DE8}") = "Resources", "Resources", "{97D7FF4E-0817-476C-A25E-97ABBAD7EDDD}"
EndProject
Project("{2150E333-8FDC-42A3-9474-1A3956D46DE8}") = "Configurations", "Configurations", "{002E1D2B-0453-4687-8AB9-D04AD886F0FB}"
EndProject
Project("{F184B08F-C81C-45F6-A57F-5ABD9991F28F}") = "Base", "Shared\Base\Base.vbproj", "{46625741-B648-455E-A340-E49612B8DD0E}"
EndProject
Project("{F184B08F-C81C-45F6-A57F-5ABD9991F28F}") = "UI", "Shared\UI\UI.vbproj", "{03755B1E-7426-4A23-B2B1-C926EEAD95F4}"
EndProject
Project("{F184B08F-C81C-45F6-A57F-5ABD9991F28F}") = "Salling", "Shared\Salling\Salling.vbproj", "{C9D859B7-0B19-41A8-B590-B86650F5CA93}"
EndProject
Project("{F184B08F-C81C-45F6-A57F-5ABD9991F28F}") = "Proxy", "Shared\Proxy\Proxy.vbproj", "{AEC7F1A4-B079-4365-BBCF-01ADB8355D0D}"
EndProject
Project("{F184B08F-C81C-45F6-A57F-5ABD9991F28F}") = "Report", "Shared\Report\Report.vbproj", "{5291F30C-99AD-4129-92A6-6F398E470156}"
EndProject
Project("{F184B08F-C81C-45F6-A57F-5ABD9991F28F}") = "Devices", "Shared\Devices\Devices.vbproj", "{90EEC00E-E89A-4557-B9AA-1A7476F13073}"
EndProject
Project("{F184B08F-C81C-45F6-A57F-5ABD9991F28F}") = "Security", "Shared\Security\Security.vbproj", "{3B76D58A-25DA-4A25-9131-A66536031EFA}"
EndProject
Project("{F184B08F-C81C-45F6-A57F-5ABD9991F28F}") = "License", "Shared\License\License.vbproj", "{61D2A6E4-3F0C-4360-845A-C65E202D827E}"
EndProject
Project("{F184B08F-C81C-45F6-A57F-5ABD9991F28F}") = "Hotels", "Plugins\Hotels\Hotels.vbproj", "{E32A9672-0A6F-432A-A5F8-10400089E3E9}"
EndProject
Project("{F184B08F-C81C-45F6-A57F-5ABD9991F28F}") = "SallingHost", "ApplicationHost\SallingHost\SallingHost.vbproj", "{A8A807E9-CFEC-4448-86FE-C00AD5E8194D}"
EndProject
Project("{F184B08F-C81C-45F6-A57F-5ABD9991F28F}") = "POS", "Plugins\POS\POS.vbproj", "{CD2FFF14-35BD-43FA-B41E-E6CE00FCDF21}"
EndProject
Global
	GlobalSection(SolutionConfigurationPlatforms) = preSolution
		Debug|Any CPU = Debug|Any CPU
		Release|Any CPU = Release|Any CPU
	EndGlobalSection
	GlobalSection(ProjectConfigurationPlatforms) = postSolution
		{46625741-B648-455E-A340-E49612B8DD0E}.Debug|Any CPU.ActiveCfg = Debug|Any CPU
		{46625741-B648-455E-A340-E49612B8DD0E}.Debug|Any CPU.Build.0 = Debug|Any CPU
		{46625741-B648-455E-A340-E49612B8DD0E}.Release|Any CPU.ActiveCfg = Release|Any CPU
		{46625741-B648-455E-A340-E49612B8DD0E}.Release|Any CPU.Build.0 = Release|Any CPU
		{03755B1E-7426-4A23-B2B1-C926EEAD95F4}.Debug|Any CPU.ActiveCfg = Debug|Any CPU
		{03755B1E-7426-4A23-B2B1-C926EEAD95F4}.Debug|Any CPU.Build.0 = Debug|Any CPU
		{03755B1E-7426-4A23-B2B1-C926EEAD95F4}.Release|Any CPU.ActiveCfg = Release|Any CPU
		{03755B1E-7426-4A23-B2B1-C926EEAD95F4}.Release|Any CPU.Build.0 = Release|Any CPU
		{C9D859B7-0B19-41A8-B590-B86650F5CA93}.Debug|Any CPU.ActiveCfg = Debug|Any CPU
		{C9D859B7-0B19-41A8-B590-B86650F5CA93}.Debug|Any CPU.Build.0 = Debug|Any CPU
		{C9D859B7-0B19-41A8-B590-B86650F5CA93}.Release|Any CPU.ActiveCfg = Release|Any CPU
		{C9D859B7-0B19-41A8-B590-B86650F5CA93}.Release|Any CPU.Build.0 = Release|Any CPU
		{AEC7F1A4-B079-4365-BBCF-01ADB8355D0D}.Debug|Any CPU.ActiveCfg = Debug|Any CPU
		{AEC7F1A4-B079-4365-BBCF-01ADB8355D0D}.Debug|Any CPU.Build.0 = Debug|Any CPU
		{AEC7F1A4-B079-4365-BBCF-01ADB8355D0D}.Release|Any CPU.ActiveCfg = Release|Any CPU
		{AEC7F1A4-B079-4365-BBCF-01ADB8355D0D}.Release|Any CPU.Build.0 = Release|Any CPU
		{5291F30C-99AD-4129-92A6-6F398E470156}.Debug|Any CPU.ActiveCfg = Debug|Any CPU
		{5291F30C-99AD-4129-92A6-6F398E470156}.Debug|Any CPU.Build.0 = Debug|Any CPU
		{5291F30C-99AD-4129-92A6-6F398E470156}.Release|Any CPU.ActiveCfg = Release|Any CPU
		{5291F30C-99AD-4129-92A6-6F398E470156}.Release|Any CPU.Build.0 = Release|Any CPU
		{90EEC00E-E89A-4557-B9AA-1A7476F13073}.Debug|Any CPU.ActiveCfg = Debug|Any CPU
		{90EEC00E-E89A-4557-B9AA-1A7476F13073}.Debug|Any CPU.Build.0 = Debug|Any CPU
		{90EEC00E-E89A-4557-B9AA-1A7476F13073}.Release|Any CPU.ActiveCfg = Release|Any CPU
		{90EEC00E-E89A-4557-B9AA-1A7476F13073}.Release|Any CPU.Build.0 = Release|Any CPU
		{3B76D58A-25DA-4A25-9131-A66536031EFA}.Debug|Any CPU.ActiveCfg = Debug|Any CPU
		{3B76D58A-25DA-4A25-9131-A66536031EFA}.Debug|Any CPU.Build.0 = Debug|Any CPU
		{3B76D58A-25DA-4A25-9131-A66536031EFA}.Release|Any CPU.ActiveCfg = Release|Any CPU
		{3B76D58A-25DA-4A25-9131-A66536031EFA}.Release|Any CPU.Build.0 = Release|Any CPU
		{61D2A6E4-3F0C-4360-845A-C65E202D827E}.Debug|Any CPU.ActiveCfg = Debug|Any CPU
		{61D2A6E4-3F0C-4360-845A-C65E202D827E}.Debug|Any CPU.Build.0 = Debug|Any CPU
		{61D2A6E4-3F0C-4360-845A-C65E202D827E}.Release|Any CPU.ActiveCfg = Release|Any CPU
		{61D2A6E4-3F0C-4360-845A-C65E202D827E}.Release|Any CPU.Build.0 = Release|Any CPU
		{E32A9672-0A6F-432A-A5F8-10400089E3E9}.Debug|Any CPU.ActiveCfg = Debug|Any CPU
		{E32A9672-0A6F-432A-A5F8-10400089E3E9}.Debug|Any CPU.Build.0 = Debug|Any CPU
		{E32A9672-0A6F-432A-A5F8-10400089E3E9}.Release|Any CPU.ActiveCfg = Release|Any CPU
		{E32A9672-0A6F-432A-A5F8-10400089E3E9}.Release|Any CPU.Build.0 = Release|Any CPU
		{A8A807E9-CFEC-4448-86FE-C00AD5E8194D}.Debug|Any CPU.ActiveCfg = Debug|Any CPU
		{A8A807E9-CFEC-4448-86FE-C00AD5E8194D}.Debug|Any CPU.Build.0 = Debug|Any CPU
		{A8A807E9-CFEC-4448-86FE-C00AD5E8194D}.Release|Any CPU.ActiveCfg = Release|Any CPU
		{A8A807E9-CFEC-4448-86FE-C00AD5E8194D}.Release|Any CPU.Build.0 = Release|Any CPU
		{CD2FFF14-35BD-43FA-B41E-E6CE00FCDF21}.Debug|Any CPU.ActiveCfg = Debug|Any CPU
		{CD2FFF14-35BD-43FA-B41E-E6CE00FCDF21}.Debug|Any CPU.Build.0 = Debug|Any CPU
		{CD2FFF14-35BD-43FA-B41E-E6CE00FCDF21}.Release|Any CPU.ActiveCfg = Release|Any CPU
		{CD2FFF14-35BD-43FA-B41E-E6CE00FCDF21}.Release|Any CPU.Build.0 = Release|Any CPU
	EndGlobalSection
	GlobalSection(SolutionProperties) = preSolution
		HideSolutionNode = FALSE
	EndGlobalSection
	GlobalSection(NestedProjects) = preSolution
		{46625741-B648-455E-A340-E49612B8DD0E} = {E360DB50-DAF9-4CD2-A95B-BC38A5646115}
		{03755B1E-7426-4A23-B2B1-C926EEAD95F4} = {E360DB50-DAF9-4CD2-A95B-BC38A5646115}
		{C9D859B7-0B19-41A8-B590-B86650F5CA93} = {E360DB50-DAF9-4CD2-A95B-BC38A5646115}
		{AEC7F1A4-B079-4365-BBCF-01ADB8355D0D} = {E360DB50-DAF9-4CD2-A95B-BC38A5646115}
		{5291F30C-99AD-4129-92A6-6F398E470156} = {E360DB50-DAF9-4CD2-A95B-BC38A5646115}
		{90EEC00E-E89A-4557-B9AA-1A7476F13073} = {E360DB50-DAF9-4CD2-A95B-BC38A5646115}
		{3B76D58A-25DA-4A25-9131-A66536031EFA} = {E360DB50-DAF9-4CD2-A95B-BC38A5646115}
		{61D2A6E4-3F0C-4360-845A-C65E202D827E} = {E360DB50-DAF9-4CD2-A95B-BC38A5646115}
		{E32A9672-0A6F-432A-A5F8-10400089E3E9} = {473007BF-BC61-461D-B3C5-761E733CB4A0}
		{CD2FFF14-35BD-43FA-B41E-E6CE00FCDF21} = {473007BF-BC61-461D-B3C5-761E733CB4A0}
		{A8A807E9-CFEC-4448-86FE-C00AD5E8194D} = {33BF855B-D20E-48B6-8E81-A2DF09F0B8F8}
	EndGlobalSection
EndGlobal
